// !$*UTF8*$!
{
	archiveVersion = 1;
	classes = {
	};
	objectVersion = 46;
	objects = {

/* Begin PBXBuildFile section */
		5918C2D216ED1BD30082CBCE /* SLCoreDataManager.m in Sources */ = {isa = PBXBuildFile; fileRef = 5918C2D116ED1BD30082CBCE /* SLCoreDataManager.m */; };
		592905C016DB70C700B0B9FE /* SLOAuthClientTests.m in Sources */ = {isa = PBXBuildFile; fileRef = 592905BF16DB70C700B0B9FE /* SLOAuthClientTests.m */; };
		592905C216DBCA0B00B0B9FE /* QuartzCore.framework in Frameworks */ = {isa = PBXBuildFile; fileRef = 592905C116DBCA0B00B0B9FE /* QuartzCore.framework */; };
		5951D59816E423060018764B /* SLFetcher.m in Sources */ = {isa = PBXBuildFile; fileRef = 5951D59716E423060018764B /* SLFetcher.m */; };
		5951D59916E423060018764B /* SLFetcher.m in Sources */ = {isa = PBXBuildFile; fileRef = 5951D59716E423060018764B /* SLFetcher.m */; };
		59ABA72016DB51E300F711DB /* UIKit.framework in Frameworks */ = {isa = PBXBuildFile; fileRef = 59ABA71F16DB51E300F711DB /* UIKit.framework */; };
		59ABA72216DB51E300F711DB /* Foundation.framework in Frameworks */ = {isa = PBXBuildFile; fileRef = 59ABA72116DB51E300F711DB /* Foundation.framework */; };
		59ABA72416DB51E300F711DB /* CoreGraphics.framework in Frameworks */ = {isa = PBXBuildFile; fileRef = 59ABA72316DB51E300F711DB /* CoreGraphics.framework */; };
		59ABA72616DB51E300F711DB /* CoreData.framework in Frameworks */ = {isa = PBXBuildFile; fileRef = 59ABA72516DB51E300F711DB /* CoreData.framework */; };
		59ABA72C16DB51E300F711DB /* InfoPlist.strings in Resources */ = {isa = PBXBuildFile; fileRef = 59ABA72A16DB51E300F711DB /* InfoPlist.strings */; };
		59ABA72E16DB51E300F711DB /* main.m in Sources */ = {isa = PBXBuildFile; fileRef = 59ABA72D16DB51E300F711DB /* main.m */; };
		59ABA73216DB51E300F711DB /* SLAppDelegate.m in Sources */ = {isa = PBXBuildFile; fileRef = 59ABA73116DB51E300F711DB /* SLAppDelegate.m */; };
		59ABA73416DB51E300F711DB /* Default.png in Resources */ = {isa = PBXBuildFile; fileRef = 59ABA73316DB51E300F711DB /* Default.png */; };
		59ABA73616DB51E300F711DB /* Default@2x.png in Resources */ = {isa = PBXBuildFile; fileRef = 59ABA73516DB51E300F711DB /* Default@2x.png */; };
		59ABA73816DB51E300F711DB /* Default-568h@2x.png in Resources */ = {isa = PBXBuildFile; fileRef = 59ABA73716DB51E300F711DB /* Default-568h@2x.png */; };
		59ABA73B16DB51E300F711DB /* Hubba.xcdatamodeld in Sources */ = {isa = PBXBuildFile; fileRef = 59ABA73916DB51E300F711DB /* Hubba.xcdatamodeld */; };
		59ABA74316DB51E300F711DB /* SenTestingKit.framework in Frameworks */ = {isa = PBXBuildFile; fileRef = 59ABA74216DB51E300F711DB /* SenTestingKit.framework */; };
		59ABA74416DB51E300F711DB /* UIKit.framework in Frameworks */ = {isa = PBXBuildFile; fileRef = 59ABA71F16DB51E300F711DB /* UIKit.framework */; };
		59ABA74516DB51E300F711DB /* Foundation.framework in Frameworks */ = {isa = PBXBuildFile; fileRef = 59ABA72116DB51E300F711DB /* Foundation.framework */; };
		59ABA74616DB51E300F711DB /* CoreData.framework in Frameworks */ = {isa = PBXBuildFile; fileRef = 59ABA72516DB51E300F711DB /* CoreData.framework */; };
		59ABA74E16DB51E300F711DB /* InfoPlist.strings in Resources */ = {isa = PBXBuildFile; fileRef = 59ABA74C16DB51E300F711DB /* InfoPlist.strings */; };
		59ABA75E16DB6A1300F711DB /* SLOAuth2Client.m in Sources */ = {isa = PBXBuildFile; fileRef = 59ABA75D16DB6A1300F711DB /* SLOAuth2Client.m */; };
		59ABA76516DB6D9100F711DB /* SLMainVC.m in Sources */ = {isa = PBXBuildFile; fileRef = 59ABA76316DB6D9100F711DB /* SLMainVC.m */; };
		59ABA76716DB6DBB00F711DB /* SLMainVC.xib in Resources */ = {isa = PBXBuildFile; fileRef = 59ABA76916DB6DBB00F711DB /* SLMainVC.xib */; };
		59CDF6FD16EBE40A00637007 /* SLAPIClient.m in Sources */ = {isa = PBXBuildFile; fileRef = 59CDF6FC16EBE40A00637007 /* SLAPIClient.m */; };
		59CDF6FF16EBE83600637007 /* Security.framework in Frameworks */ = {isa = PBXBuildFile; fileRef = 59CDF6FE16EBE83600637007 /* Security.framework */; };
		59CDF70316EC726F00637007 /* SLRepository.m in Sources */ = {isa = PBXBuildFile; fileRef = 59CDF70216EC726F00637007 /* SLRepository.m */; };
		59F3FA5516E9286C00566C09 /* SFHFKeychainUtils.m in Sources */ = {isa = PBXBuildFile; fileRef = 59F3FA5416E9286C00566C09 /* SFHFKeychainUtils.m */; settings = {COMPILER_FLAGS = "-fno-objc-arc"; }; };
/* End PBXBuildFile section */

/* Begin PBXContainerItemProxy section */
		59ABA74716DB51E300F711DB /* PBXContainerItemProxy */ = {
			isa = PBXContainerItemProxy;
			containerPortal = 59ABA71416DB51E300F711DB /* Project object */;
			proxyType = 1;
			remoteGlobalIDString = 59ABA71B16DB51E300F711DB;
			remoteInfo = Hubba;
		};
/* End PBXContainerItemProxy section */

/* Begin PBXFileReference section */
		5918C2D016ED1BD30082CBCE /* SLCoreDataManager.h */ = {isa = PBXFileReference; fileEncoding = 4; lastKnownFileType = sourcecode.c.h; name = SLCoreDataManager.h; path = Classes/SLCoreDataManager.h; sourceTree = "<group>"; };
		5918C2D116ED1BD30082CBCE /* SLCoreDataManager.m */ = {isa = PBXFileReference; fileEncoding = 4; lastKnownFileType = sourcecode.c.objc; name = SLCoreDataManager.m; path = Classes/SLCoreDataManager.m; sourceTree = "<group>"; };
		592905BE16DB70C700B0B9FE /* SLOAuthClientTests.h */ = {isa = PBXFileReference; fileEncoding = 4; lastKnownFileType = sourcecode.c.h; path = SLOAuthClientTests.h; sourceTree = "<group>"; };
		592905BF16DB70C700B0B9FE /* SLOAuthClientTests.m */ = {isa = PBXFileReference; fileEncoding = 4; lastKnownFileType = sourcecode.c.objc; path = SLOAuthClientTests.m; sourceTree = "<group>"; };
		592905C116DBCA0B00B0B9FE /* QuartzCore.framework */ = {isa = PBXFileReference; lastKnownFileType = wrapper.framework; name = QuartzCore.framework; path = System/Library/Frameworks/QuartzCore.framework; sourceTree = SDKROOT; };
		5951D59616E423060018764B /* SLFetcher.h */ = {isa = PBXFileReference; fileEncoding = 4; lastKnownFileType = sourcecode.c.h; name = SLFetcher.h; path = Classes/SLFetcher.h; sourceTree = "<group>"; };
		5951D59716E423060018764B /* SLFetcher.m */ = {isa = PBXFileReference; fileEncoding = 4; lastKnownFileType = sourcecode.c.objc; name = SLFetcher.m; path = Classes/SLFetcher.m; sourceTree = "<group>"; };
		59ABA71C16DB51E300F711DB /* Hubba.app */ = {isa = PBXFileReference; explicitFileType = wrapper.application; includeInIndex = 0; path = Hubba.app; sourceTree = BUILT_PRODUCTS_DIR; };
		59ABA71F16DB51E300F711DB /* UIKit.framework */ = {isa = PBXFileReference; lastKnownFileType = wrapper.framework; name = UIKit.framework; path = System/Library/Frameworks/UIKit.framework; sourceTree = SDKROOT; };
		59ABA72116DB51E300F711DB /* Foundation.framework */ = {isa = PBXFileReference; lastKnownFileType = wrapper.framework; name = Foundation.framework; path = System/Library/Frameworks/Foundation.framework; sourceTree = SDKROOT; };
		59ABA72316DB51E300F711DB /* CoreGraphics.framework */ = {isa = PBXFileReference; lastKnownFileType = wrapper.framework; name = CoreGraphics.framework; path = System/Library/Frameworks/CoreGraphics.framework; sourceTree = SDKROOT; };
		59ABA72516DB51E300F711DB /* CoreData.framework */ = {isa = PBXFileReference; lastKnownFileType = wrapper.framework; name = CoreData.framework; path = System/Library/Frameworks/CoreData.framework; sourceTree = SDKROOT; };
		59ABA72916DB51E300F711DB /* Hubba-Info.plist */ = {isa = PBXFileReference; lastKnownFileType = text.plist.xml; path = "Hubba-Info.plist"; sourceTree = "<group>"; };
		59ABA72B16DB51E300F711DB /* en */ = {isa = PBXFileReference; lastKnownFileType = text.plist.strings; name = en; path = en.lproj/InfoPlist.strings; sourceTree = "<group>"; };
		59ABA72D16DB51E300F711DB /* main.m */ = {isa = PBXFileReference; lastKnownFileType = sourcecode.c.objc; path = main.m; sourceTree = "<group>"; };
		59ABA72F16DB51E300F711DB /* Hubba-Prefix.pch */ = {isa = PBXFileReference; lastKnownFileType = sourcecode.c.h; path = "Hubba-Prefix.pch"; sourceTree = "<group>"; };
		59ABA73016DB51E300F711DB /* SLAppDelegate.h */ = {isa = PBXFileReference; lastKnownFileType = sourcecode.c.h; path = SLAppDelegate.h; sourceTree = "<group>"; };
		59ABA73116DB51E300F711DB /* SLAppDelegate.m */ = {isa = PBXFileReference; lastKnownFileType = sourcecode.c.objc; path = SLAppDelegate.m; sourceTree = "<group>"; };
		59ABA73316DB51E300F711DB /* Default.png */ = {isa = PBXFileReference; lastKnownFileType = image.png; path = Default.png; sourceTree = "<group>"; };
		59ABA73516DB51E300F711DB /* Default@2x.png */ = {isa = PBXFileReference; lastKnownFileType = image.png; path = "Default@2x.png"; sourceTree = "<group>"; };
		59ABA73716DB51E300F711DB /* Default-568h@2x.png */ = {isa = PBXFileReference; lastKnownFileType = image.png; path = "Default-568h@2x.png"; sourceTree = "<group>"; };
		59ABA73A16DB51E300F711DB /* Hubba.xcdatamodel */ = {isa = PBXFileReference; lastKnownFileType = wrapper.xcdatamodel; path = Hubba.xcdatamodel; sourceTree = "<group>"; };
		59ABA74116DB51E300F711DB /* HubbaTests.octest */ = {isa = PBXFileReference; explicitFileType = wrapper.cfbundle; includeInIndex = 0; path = HubbaTests.octest; sourceTree = BUILT_PRODUCTS_DIR; };
		59ABA74216DB51E300F711DB /* SenTestingKit.framework */ = {isa = PBXFileReference; lastKnownFileType = wrapper.framework; name = SenTestingKit.framework; path = Library/Frameworks/SenTestingKit.framework; sourceTree = DEVELOPER_DIR; };
		59ABA74B16DB51E300F711DB /* HubbaTests-Info.plist */ = {isa = PBXFileReference; lastKnownFileType = text.plist.xml; path = "HubbaTests-Info.plist"; sourceTree = "<group>"; };
		59ABA74D16DB51E300F711DB /* en */ = {isa = PBXFileReference; lastKnownFileType = text.plist.strings; name = en; path = en.lproj/InfoPlist.strings; sourceTree = "<group>"; };
		59ABA75C16DB6A1300F711DB /* SLOAuth2Client.h */ = {isa = PBXFileReference; fileEncoding = 4; lastKnownFileType = sourcecode.c.h; name = SLOAuth2Client.h; path = Classes/SLOAuth2Client.h; sourceTree = "<group>"; };
		59ABA75D16DB6A1300F711DB /* SLOAuth2Client.m */ = {isa = PBXFileReference; fileEncoding = 4; lastKnownFileType = sourcecode.c.objc; name = SLOAuth2Client.m; path = Classes/SLOAuth2Client.m; sourceTree = "<group>"; };
		59ABA76216DB6D9100F711DB /* SLMainVC.h */ = {isa = PBXFileReference; fileEncoding = 4; lastKnownFileType = sourcecode.c.h; name = SLMainVC.h; path = Classes/SLMainVC.h; sourceTree = "<group>"; };
		59ABA76316DB6D9100F711DB /* SLMainVC.m */ = {isa = PBXFileReference; fileEncoding = 4; lastKnownFileType = sourcecode.c.objc; name = SLMainVC.m; path = Classes/SLMainVC.m; sourceTree = "<group>"; };
		59ABA76816DB6DBB00F711DB /* en */ = {isa = PBXFileReference; lastKnownFileType = file.xib; name = en; path = en.lproj/SLMainVC.xib; sourceTree = "<group>"; };
		59CDF6FB16EBE40A00637007 /* SLAPIClient.h */ = {isa = PBXFileReference; fileEncoding = 4; lastKnownFileType = sourcecode.c.h; name = SLAPIClient.h; path = Classes/SLAPIClient.h; sourceTree = "<group>"; };
		59CDF6FC16EBE40A00637007 /* SLAPIClient.m */ = {isa = PBXFileReference; fileEncoding = 4; lastKnownFileType = sourcecode.c.objc; name = SLAPIClient.m; path = Classes/SLAPIClient.m; sourceTree = "<group>"; };
		59CDF6FE16EBE83600637007 /* Security.framework */ = {isa = PBXFileReference; lastKnownFileType = wrapper.framework; name = Security.framework; path = System/Library/Frameworks/Security.framework; sourceTree = SDKROOT; };
		59CDF70116EC726F00637007 /* SLRepository.h */ = {isa = PBXFileReference; fileEncoding = 4; lastKnownFileType = sourcecode.c.h; name = SLRepository.h; path = Classes/SLRepository.h; sourceTree = "<group>"; };
		59CDF70216EC726F00637007 /* SLRepository.m */ = {isa = PBXFileReference; fileEncoding = 4; lastKnownFileType = sourcecode.c.objc; name = SLRepository.m; path = Classes/SLRepository.m; sourceTree = "<group>"; };
		59F3FA5316E9286C00566C09 /* SFHFKeychainUtils.h */ = {isa = PBXFileReference; fileEncoding = 4; lastKnownFileType = sourcecode.c.h; name = SFHFKeychainUtils.h; path = Vendor/SFHFKeychainUtils.h; sourceTree = "<group>"; };
		59F3FA5416E9286C00566C09 /* SFHFKeychainUtils.m */ = {isa = PBXFileReference; fileEncoding = 4; lastKnownFileType = sourcecode.c.objc; name = SFHFKeychainUtils.m; path = Vendor/SFHFKeychainUtils.m; sourceTree = "<group>"; };
		59FD7B5616F1794400DE3D5C /* SLRemoteFetchable.h */ = {isa = PBXFileReference; fileEncoding = 4; lastKnownFileType = sourcecode.c.h; name = SLRemoteFetchable.h; path = Classes/SLRemoteFetchable.h; sourceTree = "<group>"; };
/* End PBXFileReference section */

/* Begin PBXFrameworksBuildPhase section */
		59ABA71916DB51E300F711DB /* Frameworks */ = {
			isa = PBXFrameworksBuildPhase;
			buildActionMask = 2147483647;
			files = (
				59CDF6FF16EBE83600637007 /* Security.framework in Frameworks */,
				592905C216DBCA0B00B0B9FE /* QuartzCore.framework in Frameworks */,
				59ABA72016DB51E300F711DB /* UIKit.framework in Frameworks */,
				59ABA72216DB51E300F711DB /* Foundation.framework in Frameworks */,
				59ABA72416DB51E300F711DB /* CoreGraphics.framework in Frameworks */,
				59ABA72616DB51E300F711DB /* CoreData.framework in Frameworks */,
			);
			runOnlyForDeploymentPostprocessing = 0;
		};
		59ABA73D16DB51E300F711DB /* Frameworks */ = {
			isa = PBXFrameworksBuildPhase;
			buildActionMask = 2147483647;
			files = (
				59ABA74316DB51E300F711DB /* SenTestingKit.framework in Frameworks */,
				59ABA74416DB51E300F711DB /* UIKit.framework in Frameworks */,
				59ABA74516DB51E300F711DB /* Foundation.framework in Frameworks */,
				59ABA74616DB51E300F711DB /* CoreData.framework in Frameworks */,
			);
			runOnlyForDeploymentPostprocessing = 0;
		};
/* End PBXFrameworksBuildPhase section */

/* Begin PBXGroup section */
		59ABA71316DB51E300F711DB = {
			isa = PBXGroup;
			children = (
				59CDF6FE16EBE83600637007 /* Security.framework */,
				59ABA72716DB51E300F711DB /* Hubba */,
				59ABA74916DB51E300F711DB /* HubbaTests */,
				59F3FA5216E9282D00566C09 /* Vendor */,
				59ABA71E16DB51E300F711DB /* Frameworks */,
				59ABA71D16DB51E300F711DB /* Products */,
			);
			sourceTree = "<group>";
		};
		59ABA71D16DB51E300F711DB /* Products */ = {
			isa = PBXGroup;
			children = (
				59ABA71C16DB51E300F711DB /* Hubba.app */,
				59ABA74116DB51E300F711DB /* HubbaTests.octest */,
			);
			name = Products;
			sourceTree = "<group>";
		};
		59ABA71E16DB51E300F711DB /* Frameworks */ = {
			isa = PBXGroup;
			children = (
				592905C116DBCA0B00B0B9FE /* QuartzCore.framework */,
				59ABA71F16DB51E300F711DB /* UIKit.framework */,
				59ABA72116DB51E300F711DB /* Foundation.framework */,
				59ABA72316DB51E300F711DB /* CoreGraphics.framework */,
				59ABA72516DB51E300F711DB /* CoreData.framework */,
				59ABA74216DB51E300F711DB /* SenTestingKit.framework */,
			);
			name = Frameworks;
			sourceTree = "<group>";
		};
		59ABA72716DB51E300F711DB /* Hubba */ = {
			isa = PBXGroup;
			children = (
				59ABA75A16DB69F000F711DB /* Classes */,
				59ABA73916DB51E300F711DB /* Hubba.xcdatamodeld */,
				59ABA72816DB51E300F711DB /* Supporting Files */,
			);
			path = Hubba;
			sourceTree = "<group>";
		};
		59ABA72816DB51E300F711DB /* Supporting Files */ = {
			isa = PBXGroup;
			children = (
				59ABA72916DB51E300F711DB /* Hubba-Info.plist */,
				59ABA72A16DB51E300F711DB /* InfoPlist.strings */,
				59ABA72D16DB51E300F711DB /* main.m */,
				59ABA72F16DB51E300F711DB /* Hubba-Prefix.pch */,
				59ABA73316DB51E300F711DB /* Default.png */,
				59ABA73516DB51E300F711DB /* Default@2x.png */,
				59ABA73716DB51E300F711DB /* Default-568h@2x.png */,
			);
			name = "Supporting Files";
			sourceTree = "<group>";
		};
		59ABA74916DB51E300F711DB /* HubbaTests */ = {
			isa = PBXGroup;
			children = (
				59ABA74A16DB51E300F711DB /* Supporting Files */,
				592905BE16DB70C700B0B9FE /* SLOAuthClientTests.h */,
				592905BF16DB70C700B0B9FE /* SLOAuthClientTests.m */,
			);
			path = HubbaTests;
			sourceTree = "<group>";
		};
		59ABA74A16DB51E300F711DB /* Supporting Files */ = {
			isa = PBXGroup;
			children = (
				59ABA74B16DB51E300F711DB /* HubbaTests-Info.plist */,
				59ABA74C16DB51E300F711DB /* InfoPlist.strings */,
			);
			name = "Supporting Files";
			sourceTree = "<group>";
		};
		59ABA75A16DB69F000F711DB /* Classes */ = {
			isa = PBXGroup;
			children = (
				59CDF70016EC726000637007 /* Models */,
				59ABA76116DB6D6F00F711DB /* View Controllers */,
				59ABA75B16DB69FA00F711DB /* Networking */,
				59ABA73016DB51E300F711DB /* SLAppDelegate.h */,
				59ABA73116DB51E300F711DB /* SLAppDelegate.m */,
			);
			name = Classes;
			sourceTree = "<group>";
		};
		59ABA75B16DB69FA00F711DB /* Networking */ = {
			isa = PBXGroup;
			children = (
				59ABA75C16DB6A1300F711DB /* SLOAuth2Client.h */,
				59ABA75D16DB6A1300F711DB /* SLOAuth2Client.m */,
				5951D59616E423060018764B /* SLFetcher.h */,
				5951D59716E423060018764B /* SLFetcher.m */,
				59CDF6FB16EBE40A00637007 /* SLAPIClient.h */,
				59CDF6FC16EBE40A00637007 /* SLAPIClient.m */,
			);
			name = Networking;
			sourceTree = "<group>";
		};
		59ABA76116DB6D6F00F711DB /* View Controllers */ = {
			isa = PBXGroup;
			children = (
				59ABA76216DB6D9100F711DB /* SLMainVC.h */,
				59ABA76316DB6D9100F711DB /* SLMainVC.m */,
				59ABA76916DB6DBB00F711DB /* SLMainVC.xib */,
			);
			name = "View Controllers";
			sourceTree = "<group>";
		};
		59CDF70016EC726000637007 /* Models */ = {
			isa = PBXGroup;
			children = (
				59CDF70116EC726F00637007 /* SLRepository.h */,
				59CDF70216EC726F00637007 /* SLRepository.m */,
				5918C2D016ED1BD30082CBCE /* SLCoreDataManager.h */,
				5918C2D116ED1BD30082CBCE /* SLCoreDataManager.m */,
				59FD7B5616F1794400DE3D5C /* SLRemoteFetchable.h */,
			);
			name = Models;
			sourceTree = "<group>";
		};
		59F3FA5216E9282D00566C09 /* Vendor */ = {
			isa = PBXGroup;
			children = (
				59F3FA5316E9286C00566C09 /* SFHFKeychainUtils.h */,
				59F3FA5416E9286C00566C09 /* SFHFKeychainUtils.m */,
			);
			name = Vendor;
			sourceTree = "<group>";
		};
/* End PBXGroup section */

/* Begin PBXNativeTarget section */
		59ABA71B16DB51E300F711DB /* Hubba */ = {
			isa = PBXNativeTarget;
			buildConfigurationList = 59ABA75416DB51E300F711DB /* Build configuration list for PBXNativeTarget "Hubba" */;
			buildPhases = (
				59ABA71816DB51E300F711DB /* Sources */,
				59ABA71916DB51E300F711DB /* Frameworks */,
				59ABA71A16DB51E300F711DB /* Resources */,
			);
			buildRules = (
			);
			dependencies = (
			);
			name = Hubba;
			productName = Hubba;
			productReference = 59ABA71C16DB51E300F711DB /* Hubba.app */;
			productType = "com.apple.product-type.application";
		};
		59ABA74016DB51E300F711DB /* HubbaTests */ = {
			isa = PBXNativeTarget;
			buildConfigurationList = 59ABA75716DB51E300F711DB /* Build configuration list for PBXNativeTarget "HubbaTests" */;
			buildPhases = (
				59ABA73C16DB51E300F711DB /* Sources */,
				59ABA73D16DB51E300F711DB /* Frameworks */,
				59ABA73E16DB51E300F711DB /* Resources */,
				59ABA73F16DB51E300F711DB /* ShellScript */,
			);
			buildRules = (
			);
			dependencies = (
				59ABA74816DB51E300F711DB /* PBXTargetDependency */,
			);
			name = HubbaTests;
			productName = HubbaTests;
			productReference = 59ABA74116DB51E300F711DB /* HubbaTests.octest */;
			productType = "com.apple.product-type.bundle";
		};
/* End PBXNativeTarget section */

/* Begin PBXProject section */
		59ABA71416DB51E300F711DB /* Project object */ = {
			isa = PBXProject;
			attributes = {
				CLASSPREFIX = SL;
				LastUpgradeCheck = 0460;
				ORGANIZATIONNAME = "Sakun Labs";
			};
			buildConfigurationList = 59ABA71716DB51E300F711DB /* Build configuration list for PBXProject "Hubba" */;
			compatibilityVersion = "Xcode 3.2";
			developmentRegion = English;
			hasScannedForEncodings = 0;
			knownRegions = (
				en,
			);
			mainGroup = 59ABA71316DB51E300F711DB;
			productRefGroup = 59ABA71D16DB51E300F711DB /* Products */;
			projectDirPath = "";
			projectRoot = "";
			targets = (
				59ABA71B16DB51E300F711DB /* Hubba */,
				59ABA74016DB51E300F711DB /* HubbaTests */,
			);
		};
/* End PBXProject section */

/* Begin PBXResourcesBuildPhase section */
		59ABA71A16DB51E300F711DB /* Resources */ = {
			isa = PBXResourcesBuildPhase;
			buildActionMask = 2147483647;
			files = (
				59ABA72C16DB51E300F711DB /* InfoPlist.strings in Resources */,
				59ABA73416DB51E300F711DB /* Default.png in Resources */,
				59ABA73616DB51E300F711DB /* Default@2x.png in Resources */,
				59ABA73816DB51E300F711DB /* Default-568h@2x.png in Resources */,
				59ABA76716DB6DBB00F711DB /* SLMainVC.xib in Resources */,
			);
			runOnlyForDeploymentPostprocessing = 0;
		};
		59ABA73E16DB51E300F711DB /* Resources */ = {
			isa = PBXResourcesBuildPhase;
			buildActionMask = 2147483647;
			files = (
				59ABA74E16DB51E300F711DB /* InfoPlist.strings in Resources */,
			);
			runOnlyForDeploymentPostprocessing = 0;
		};
/* End PBXResourcesBuildPhase section */

/* Begin PBXShellScriptBuildPhase section */
		59ABA73F16DB51E300F711DB /* ShellScript */ = {
			isa = PBXShellScriptBuildPhase;
			buildActionMask = 2147483647;
			files = (
			);
			inputPaths = (
			);
			outputPaths = (
			);
			runOnlyForDeploymentPostprocessing = 0;
			shellPath = /bin/sh;
			shellScript = "# Run the unit tests in this test bundle.\n\"${SYSTEM_DEVELOPER_DIR}/Tools/RunUnitTests\"\n";
		};
/* End PBXShellScriptBuildPhase section */

/* Begin PBXSourcesBuildPhase section */
		59ABA71816DB51E300F711DB /* Sources */ = {
			isa = PBXSourcesBuildPhase;
			buildActionMask = 2147483647;
			files = (
				59ABA72E16DB51E300F711DB /* main.m in Sources */,
				59ABA73216DB51E300F711DB /* SLAppDelegate.m in Sources */,
				59ABA73B16DB51E300F711DB /* Hubba.xcdatamodeld in Sources */,
				59ABA75E16DB6A1300F711DB /* SLOAuth2Client.m in Sources */,
				59ABA76516DB6D9100F711DB /* SLMainVC.m in Sources */,
				5951D59816E423060018764B /* SLFetcher.m in Sources */,
				59F3FA5516E9286C00566C09 /* SFHFKeychainUtils.m in Sources */,
				59CDF6FD16EBE40A00637007 /* SLAPIClient.m in Sources */,
				59CDF70316EC726F00637007 /* SLRepository.m in Sources */,
				5918C2D216ED1BD30082CBCE /* SLCoreDataManager.m in Sources */,
			);
			runOnlyForDeploymentPostprocessing = 0;
		};
		59ABA73C16DB51E300F711DB /* Sources */ = {
			isa = PBXSourcesBuildPhase;
			buildActionMask = 2147483647;
			files = (
				592905C016DB70C700B0B9FE /* SLOAuthClientTests.m in Sources */,
				5951D59916E423060018764B /* SLFetcher.m in Sources */,
			);
			runOnlyForDeploymentPostprocessing = 0;
		};
/* End PBXSourcesBuildPhase section */

/* Begin PBXTargetDependency section */
		59ABA74816DB51E300F711DB /* PBXTargetDependency */ = {
			isa = PBXTargetDependency;
			target = 59ABA71B16DB51E300F711DB /* Hubba */;
			targetProxy = 59ABA74716DB51E300F711DB /* PBXContainerItemProxy */;
		};
/* End PBXTargetDependency section */

/* Begin PBXVariantGroup section */
		59ABA72A16DB51E300F711DB /* InfoPlist.strings */ = {
			isa = PBXVariantGroup;
			children = (
				59ABA72B16DB51E300F711DB /* en */,
			);
			name = InfoPlist.strings;
			sourceTree = "<group>";
		};
		59ABA74C16DB51E300F711DB /* InfoPlist.strings */ = {
			isa = PBXVariantGroup;
			children = (
				59ABA74D16DB51E300F711DB /* en */,
			);
			name = InfoPlist.strings;
			sourceTree = "<group>";
		};
		59ABA76916DB6DBB00F711DB /* SLMainVC.xib */ = {
			isa = PBXVariantGroup;
			children = (
				59ABA76816DB6DBB00F711DB /* en */,
			);
			name = SLMainVC.xib;
			path = Hubba;
			sourceTree = SOURCE_ROOT;
		};
/* End PBXVariantGroup section */

/* Begin XCBuildConfiguration section */
		59ABA75216DB51E300F711DB /* Debug */ = {
			isa = XCBuildConfiguration;
			buildSettings = {
				ALWAYS_SEARCH_USER_PATHS = NO;
				CLANG_CXX_LANGUAGE_STANDARD = "gnu++0x";
				CLANG_CXX_LIBRARY = "libc++";
				CLANG_ENABLE_OBJC_ARC = YES;
				CLANG_WARN_CONSTANT_CONVERSION = YES;
				CLANG_WARN_EMPTY_BODY = YES;
				CLANG_WARN_ENUM_CONVERSION = YES;
				CLANG_WARN_INT_CONVERSION = YES;
				CLANG_WARN__DUPLICATE_METHOD_MATCH = YES;
				"CODE_SIGN_IDENTITY[sdk=iphoneos*]" = "iPhone Developer";
				COPY_PHASE_STRIP = NO;
				GCC_C_LANGUAGE_STANDARD = gnu99;
				GCC_DYNAMIC_NO_PIC = NO;
				GCC_OPTIMIZATION_LEVEL = 0;
				GCC_PREPROCESSOR_DEFINITIONS = (
					"DEBUG=1",
					"$(inherited)",
				);
				GCC_SYMBOLS_PRIVATE_EXTERN = NO;
				GCC_WARN_ABOUT_RETURN_TYPE = YES;
				GCC_WARN_UNINITIALIZED_AUTOS = YES;
				GCC_WARN_UNUSED_VARIABLE = YES;
				IPHONEOS_DEPLOYMENT_TARGET = 6.1;
				ONLY_ACTIVE_ARCH = YES;
				SDKROOT = iphoneos;
			};
			name = Debug;
		};
		59ABA75316DB51E300F711DB /* Release */ = {
			isa = XCBuildConfiguration;
			buildSettings = {
				ALWAYS_SEARCH_USER_PATHS = NO;
				CLANG_CXX_LANGUAGE_STANDARD = "gnu++0x";
				CLANG_CXX_LIBRARY = "libc++";
				CLANG_ENABLE_OBJC_ARC = YES;
				CLANG_WARN_CONSTANT_CONVERSION = YES;
				CLANG_WARN_EMPTY_BODY = YES;
				CLANG_WARN_ENUM_CONVERSION = YES;
				CLANG_WARN_INT_CONVERSION = YES;
				CLANG_WARN__DUPLICATE_METHOD_MATCH = YES;
				"CODE_SIGN_IDENTITY[sdk=iphoneos*]" = "iPhone Developer";
				COPY_PHASE_STRIP = YES;
				GCC_C_LANGUAGE_STANDARD = gnu99;
				GCC_WARN_ABOUT_RETURN_TYPE = YES;
				GCC_WARN_UNINITIALIZED_AUTOS = YES;
				GCC_WARN_UNUSED_VARIABLE = YES;
				IPHONEOS_DEPLOYMENT_TARGET = 6.1;
				OTHER_CFLAGS = "-DNS_BLOCK_ASSERTIONS=1";
				SDKROOT = iphoneos;
				VALIDATE_PRODUCT = YES;
			};
			name = Release;
		};
		59ABA75516DB51E300F711DB /* Debug */ = {
			isa = XCBuildConfiguration;
			buildSettings = {
				GCC_PRECOMPILE_PREFIX_HEADER = YES;
				GCC_PREFIX_HEADER = "Hubba/Hubba-Prefix.pch";
				INFOPLIST_FILE = "Hubba/Hubba-Info.plist";
				PRODUCT_NAME = "$(TARGET_NAME)";
				WRAPPER_EXTENSION = app;
			};
			name = Debug;
		};
		59ABA75616DB51E300F711DB /* Release */ = {
			isa = XCBuildConfiguration;
			buildSettings = {
				GCC_PRECOMPILE_PREFIX_HEADER = YES;
				GCC_PREFIX_HEADER = "Hubba/Hubba-Prefix.pch";
				INFOPLIST_FILE = "Hubba/Hubba-Info.plist";
				PRODUCT_NAME = "$(TARGET_NAME)";
				WRAPPER_EXTENSION = app;
			};
			name = Release;
		};
		59ABA75816DB51E300F711DB /* Debug */ = {
			isa = XCBuildConfiguration;
			buildSettings = {
				BUNDLE_LOADER = "$(BUILT_PRODUCTS_DIR)/Hubba.app/Hubba";
				FRAMEWORK_SEARCH_PATHS = (
					"\"$(SDKROOT)/Developer/Library/Frameworks\"",
					"\"$(DEVELOPER_LIBRARY_DIR)/Frameworks\"",
				);
				GCC_PRECOMPILE_PREFIX_HEADER = YES;
				GCC_PREFIX_HEADER = "Hubba/Hubba-Prefix.pch";
				INFOPLIST_FILE = "HubbaTests/HubbaTests-Info.plist";
				PRODUCT_NAME = "$(TARGET_NAME)";
				TEST_HOST = "$(BUNDLE_LOADER)";
				WRAPPER_EXTENSION = octest;
			};
			name = Debug;
		};
		59ABA75916DB51E300F711DB /* Release */ = {
			isa = XCBuildConfiguration;
			buildSettings = {
				BUNDLE_LOADER = "$(BUILT_PRODUCTS_DIR)/Hubba.app/Hubba";
				FRAMEWORK_SEARCH_PATHS = (
					"\"$(SDKROOT)/Developer/Library/Frameworks\"",
					"\"$(DEVELOPER_LIBRARY_DIR)/Frameworks\"",
				);
				GCC_PRECOMPILE_PREFIX_HEADER = YES;
				GCC_PREFIX_HEADER = "Hubba/Hubba-Prefix.pch";
				INFOPLIST_FILE = "HubbaTests/HubbaTests-Info.plist";
				PRODUCT_NAME = "$(TARGET_NAME)";
				TEST_HOST = "$(BUNDLE_LOADER)";
				WRAPPER_EXTENSION = octest;
			};
			name = Release;
		};
/* End XCBuildConfiguration section */

/* Begin XCConfigurationList section */
		59ABA71716DB51E300F711DB /* Build configuration list for PBXProject "Hubba" */ = {
			isa = XCConfigurationList;
			buildConfigurations = (
				59ABA75216DB51E300F711DB /* Debug */,
				59ABA75316DB51E300F711DB /* Release */,
			);
			defaultConfigurationIsVisible = 0;
			defaultConfigurationName = Release;
		};
		59ABA75416DB51E300F711DB /* Build configuration list for PBXNativeTarget "Hubba" */ = {
			isa = XCConfigurationList;
			buildConfigurations = (
				59ABA75516DB51E300F711DB /* Debug */,
				59ABA75616DB51E300F711DB /* Release */,
			);
			defaultConfigurationIsVisible = 0;
			defaultConfigurationName = Release;
		};
		59ABA75716DB51E300F711DB /* Build configuration list for PBXNativeTarget "HubbaTests" */ = {
			isa = XCConfigurationList;
			buildConfigurations = (
				59ABA75816DB51E300F711DB /* Debug */,
				59ABA75916DB51E300F711DB /* Release */,
			);
			defaultConfigurationIsVisible = 0;
			defaultConfigurationName = Release;
		};
/* End XCConfigurationList section */

/* Begin XCVersionGroup section */
		59ABA73916DB51E300F711DB /* Hubba.xcdatamodeld */ = {
			isa = XCVersionGroup;
			children = (
				59ABA73A16DB51E300F711DB /* Hubba.xcdatamodel */,
			);
			currentVersion = 59ABA73A16DB51E300F711DB /* Hubba.xcdatamodel */;
			path = Hubba.xcdatamodeld;
			sourceTree = "<group>";
			versionGroupType = wrapper.xcdatamodel;
		};
/* End XCVersionGroup section */
	};
	rootObject = 59ABA71416DB51E300F711DB /* Project object */;
}
